{
  "name": "harvscan",
  "version": "1.0.0",
  "lockfileVersion": 3,
  "requires": true,
  "packages": {
    "": {
      "name": "harvscan",
      "version": "1.0.0",
      "license": "ISC",
      "dependencies": {
        "quagga": "^0.6.16"
      }
    },
    "node_modules/quagga": {
      "version": "0.6.16",
      "resolved": "https://registry.npmjs.org/quagga/-/quagga-0.6.16.tgz",
      "integrity": "sha512-8JP5ySqRPhUxmoS339Dq3/JYeP0S3+saicCV+MnMhOMB5F8kYsim0KWHmkPVNrNzSDq83z1+nTqi44MwIAInpA=="
    }
  }
}
